
Microsoft Visual Studio Solution File, Format Version 12.00
# Visual Studio Version 17
VisualStudioVersion = 17.4.33205.214
MinimumVisualStudioVersion = 10.0.40219.1
Project("{FAE04EC0-301F-11D3-BF4B-00C04F79EFBC}") = "Northwind.Common.EntityModels.Sqlite", "Northwind.Common.EntityModels.Sqlite\Northwind.Common.EntityModels.Sqlite.csproj", "{6E5EA3E5-7211-4550-9C48-0A5E9578ADED}"
EndProject
Global
	GlobalSection(SolutionConfigurationPlatforms) = preSolution
		Debug|Any CPU = Debug|Any CPU
		Release|Any CPU = Release|Any CPU
	EndGlobalSection
	GlobalSection(ProjectConfigurationPlatforms) = postSolution
		{6E5EA3E5-7211-4550-9C48-0A5E9578ADED}.Debug|Any CPU.ActiveCfg = Debug|Any CPU
		{6E5EA3E5-7211-4550-9C48-0A5E9578ADED}.Debug|Any CPU.Build.0 = Debug|Any CPU
		{6E5EA3E5-7211-4550-9C48-0A5E9578ADED}.Release|Any CPU.ActiveCfg = Release|Any CPU
		{6E5EA3E5-7211-4550-9C48-0A5E9578ADED}.Release|Any CPU.Build.0 = Release|Any CPU
	EndGlobalSection
	GlobalSection(SolutionProperties) = preSolution
		HideSolutionNode = FALSE
	EndGlobalSection
	GlobalSection(ExtensibilityGlobals) = postSolution
		SolutionGuid = {699BFEE4-96E2-4671-92D0-91C0C358E3BF}
	EndGlobalSection
EndGlobal
